// !$*UTF8*$!
{
	archiveVersion = 1;
	classes = {
	};
	objectVersion = 46;
	objects = {

/* Begin PBXBuildFile section */
		8AEF34E51B84B21200F667F9 /* main.m in Sources */ = {isa = PBXBuildFile; fileRef = 8AEF34E41B84B21200F667F9 /* main.m */; };
		8AEF34E81B84B21200F667F9 /* AppDelegate.m in Sources */ = {isa = PBXBuildFile; fileRef = 8AEF34E71B84B21200F667F9 /* AppDelegate.m */; };
		8AEF34EB1B84B21200F667F9 /* ViewController.m in Sources */ = {isa = PBXBuildFile; fileRef = 8AEF34EA1B84B21200F667F9 /* ViewController.m */; };
		8AEF34EE1B84B21300F667F9 /* Main.storyboard in Resources */ = {isa = PBXBuildFile; fileRef = 8AEF34EC1B84B21300F667F9 /* Main.storyboard */; };
		8AEF34F01B84B21300F667F9 /* Images.xcassets in Resources */ = {isa = PBXBuildFile; fileRef = 8AEF34EF1B84B21300F667F9 /* Images.xcassets */; };
		8AEF34F31B84B21300F667F9 /* LaunchScreen.xib in Resources */ = {isa = PBXBuildFile; fileRef = 8AEF34F11B84B21300F667F9 /* LaunchScreen.xib */; };
		8AEF34FF1B84B21300F667F9 /* SampleProjectTests.m in Sources */ = {isa = PBXBuildFile; fileRef = 8AEF34FE1B84B21300F667F9 /* SampleProjectTests.m */; };
/* End PBXBuildFile section */

/* Begin PBXContainerItemProxy section */
		8AEF34F91B84B21300F667F9 /* PBXContainerItemProxy */ = {
			isa = PBXContainerItemProxy;
			containerPortal = 8AEF34D71B84B21200F667F9 /* Project object */;
			proxyType = 1;
			remoteGlobalIDString = 8AEF34DE1B84B21200F667F9;
			remoteInfo = SampleProject;
		};
/* End PBXContainerItemProxy section */

/* Begin PBXFileReference section */
		8AEF34DF1B84B21200F667F9 /* SampleProject.app */ = {isa = PBXFileReference; explicitFileType = wrapper.application; includeInIndex = 0; path = SampleProject.app; sourceTree = BUILT_PRODUCTS_DIR; };
		8AEF34E31B84B21200F667F9 /* Info.plist */ = {isa = PBXFileReference; lastKnownFileType = text.plist.xml; path = Info.plist; sourceTree = "<group>"; };
		8AEF34E41B84B21200F667F9 /* main.m */ = {isa = PBXFileReference; lastKnownFileType = sourcecode.c.objc; path = main.m; sourceTree = "<group>"; };
		8AEF34E61B84B21200F667F9 /* AppDelegate.h */ = {isa = PBXFileReference; lastKnownFileType = sourcecode.c.h; path = AppDelegate.h; sourceTree = "<group>"; };
		8AEF34E71B84B21200F667F9 /* AppDelegate.m */ = {isa = PBXFileReference; lastKnownFileType = sourcecode.c.objc; path = AppDelegate.m; sourceTree = "<group>"; };
		8AEF34E91B84B21200F667F9 /* ViewController.h */ = {isa = PBXFileReference; lastKnownFileType = sourcecode.c.h; path = ViewController.h; sourceTree = "<group>"; };
		8AEF34EA1B84B21200F667F9 /* ViewController.m */ = {isa = PBXFileReference; lastKnownFileType = sourcecode.c.objc; path = ViewController.m; sourceTree = "<group>"; };
		8AEF34ED1B84B21300F667F9 /* Base */ = {isa = PBXFileReference; lastKnownFileType = file.storyboard; name = Base; path = Base.lproj/Main.storyboard; sourceTree = "<group>"; };
		8AEF34EF1B84B21300F667F9 /* Images.xcassets */ = {isa = PBXFileReference; lastKnownFileType = folder.assetcatalog; path = Images.xcassets; sourceTree = "<group>"; };
		8AEF34F21B84B21300F667F9 /* Base */ = {isa = PBXFileReference; lastKnownFileType = file.xib; name = Base; path = Base.lproj/LaunchScreen.xib; sourceTree = "<group>"; };
		8AEF34F81B84B21300F667F9 /* SampleProjectTests.xctest */ = {isa = PBXFileReference; explicitFileType = wrapper.cfbundle; includeInIndex = 0; path = SampleProjectTests.xctest; sourceTree = BUILT_PRODUCTS_DIR; };
		8AEF34FD1B84B21300F667F9 /* Info.plist */ = {isa = PBXFileReference; lastKnownFileType = text.plist.xml; path = Info.plist; sourceTree = "<group>"; };
		8AEF34FE1B84B21300F667F9 /* SampleProjectTests.m */ = {isa = PBXFileReference; lastKnownFileType = sourcecode.c.objc; path = SampleProjectTests.m; sourceTree = "<group>"; };
/* End PBXFileReference section */

/* Begin PBXFrameworksBuildPhase section */
		8AEF34DC1B84B21200F667F9 /* Frameworks */ = {
			isa = PBXFrameworksBuildPhase;
			buildActionMask = 2147483647;
			files = (
			);
			runOnlyForDeploymentPostprocessing = 0;
		};
		8AEF34F51B84B21300F667F9 /* Frameworks */ = {
			isa = PBXFrameworksBuildPhase;
			buildActionMask = 2147483647;
			files = (
			);
			runOnlyForDeploymentPostprocessing = 0;
		};
/* End PBXFrameworksBuildPhase section */

/* Begin PBXGroup section */
		8AEF34D61B84B21200F667F9 = {
			isa = PBXGroup;
			children = (
				8AEF34E11B84B21200F667F9 /* SampleProject */,
				8AEF34FB1B84B21300F667F9 /* SampleProjectTests */,
				8AEF34E01B84B21200F667F9 /* Products */,
			);
			sourceTree = "<group>";
		};
		8AEF34E01B84B21200F667F9 /* Products */ = {
			isa = PBXGroup;
			children = (
				8AEF34DF1B84B21200F667F9 /* SampleProject.app */,
				8AEF34F81B84B21300F667F9 /* SampleProjectTests.xctest */,
			);
			name = Products;
			sourceTree = "<group>";
		};
		8AEF34E11B84B21200F667F9 /* SampleProject */ = {
			isa = PBXGroup;
			children = (
				8AEF34E61B84B21200F667F9 /* AppDelegate.h */,
				8AEF34E71B84B21200F667F9 /* AppDelegate.m */,
				8AEF34E91B84B21200F667F9 /* ViewController.h */,
				8AEF34EA1B84B21200F667F9 /* ViewController.m */,
				8AEF34EC1B84B21300F667F9 /* Main.storyboard */,
				8AEF34EF1B84B21300F667F9 /* Images.xcassets */,
				8AEF34F11B84B21300F667F9 /* LaunchScreen.xib */,
				8AEF34E21B84B21200F667F9 /* Supporting Files */,
			);
			path = SampleProject;
			sourceTree = "<group>";
		};
		8AEF34E21B84B21200F667F9 /* Supporting Files */ = {
			isa = PBXGroup;
			children = (
				8AEF34E31B84B21200F667F9 /* Info.plist */,
				8AEF34E41B84B21200F667F9 /* main.m */,
			);
			name = "Supporting Files";
			sourceTree = "<group>";
		};
		8AEF34FB1B84B21300F667F9 /* SampleProjectTests */ = {
			isa = PBXGroup;
			children = (
				8AEF34FE1B84B21300F667F9 /* SampleProjectTests.m */,
				8AEF34FC1B84B21300F667F9 /* Supporting Files */,
			);
			path = SampleProjectTests;
			sourceTree = "<group>";
		};
		8AEF34FC1B84B21300F667F9 /* Supporting Files */ = {
			isa = PBXGroup;
			children = (
				8AEF34FD1B84B21300F667F9 /* Info.plist */,
			);
			name = "Supporting Files";
			sourceTree = "<group>";
		};
/* End PBXGroup section */

/* Begin PBXNativeTarget section */
		8AEF34DE1B84B21200F667F9 /* SampleProject */ = {
			isa = PBXNativeTarget;
			buildConfigurationList = 8AEF35021B84B21300F667F9 /* Build configuration list for PBXNativeTarget "SampleProject" */;
			buildPhases = (
				8AEF34DB1B84B21200F667F9 /* Sources */,
				8AEF34DC1B84B21200F667F9 /* Frameworks */,
				8AEF34DD1B84B21200F667F9 /* Resources */,
			);
			buildRules = (
			);
			dependencies = (
			);
			name = SampleProject;
			productName = SampleProject;
			productReference = 8AEF34DF1B84B21200F667F9 /* SampleProject.app */;
			productType = "com.apple.product-type.application";
		};
		8AEF34F71B84B21300F667F9 /* SampleProjectTests */ = {
			isa = PBXNativeTarget;
			buildConfigurationList = 8AEF35051B84B21300F667F9 /* Build configuration list for PBXNativeTarget "SampleProjectTests" */;
			buildPhases = (
				8AEF34F41B84B21300F667F9 /* Sources */,
				8AEF34F51B84B21300F667F9 /* Frameworks */,
				8AEF34F61B84B21300F667F9 /* Resources */,
			);
			buildRules = (
			);
			dependencies = (
				8AEF34FA1B84B21300F667F9 /* PBXTargetDependency */,
			);
			name = SampleProjectTests;
			productName = SampleProjectTests;
			productReference = 8AEF34F81B84B21300F667F9 /* SampleProjectTests.xctest */;
			productType = "com.apple.product-type.bundle.unit-test";
		};
/* End PBXNativeTarget section */

/* Begin PBXProject section */
		8AEF34D71B84B21200F667F9 /* Project object */ = {
			isa = PBXProject;
			attributes = {
				LastUpgradeCheck = 0630;
				ORGANIZATIONNAME = paradigmcreatives;
				TargetAttributes = {
					8AEF34DE1B84B21200F667F9 = {
						CreatedOnToolsVersion = 6.3.2;
					};
					8AEF34F71B84B21300F667F9 = {
						CreatedOnToolsVersion = 6.3.2;
						TestTargetID = 8AEF34DE1B84B21200F667F9;
					};
				};
			};
			buildConfigurationList = 8AEF34DA1B84B21200F667F9 /* Build configuration list for PBXProject "SampleProject" */;
			compatibilityVersion = "Xcode 3.2";
			developmentRegion = English;
			hasScannedForEncodings = 0;
			knownRegions = (
				en,
				Base,
			);
			mainGroup = 8AEF34D61B84B21200F667F9;
			productRefGroup = 8AEF34E01B84B21200F667F9 /* Products */;
			projectDirPath = "";
			projectRoot = "";
			targets = (
				8AEF34DE1B84B21200F667F9 /* SampleProject */,
				8AEF34F71B84B21300F667F9 /* SampleProjectTests */,
			);
		};
/* End PBXProject section */

/* Begin PBXResourcesBuildPhase section */
		8AEF34DD1B84B21200F667F9 /* Resources */ = {
			isa = PBXResourcesBuildPhase;
			buildActionMask = 2147483647;
			files = (
				8AEF34EE1B84B21300F667F9 /* Main.storyboard in Resources */,
				8AEF34F31B84B21300F667F9 /* LaunchScreen.xib in Resources */,
				8AEF34F01B84B21300F667F9 /* Images.xcassets in Resources */,
			);
			runOnlyForDeploymentPostprocessing = 0;
		};
		8AEF34F61B84B21300F667F9 /* Resources */ = {
			isa = PBXResourcesBuildPhase;
			buildActionMask = 2147483647;
			files = (
			);
			runOnlyForDeploymentPostprocessing = 0;
		};
/* End PBXResourcesBuildPhase section */

/* Begin PBXSourcesBuildPhase section */
		8AEF34DB1B84B21200F667F9 /* Sources */ = {
			isa = PBXSourcesBuildPhase;
			buildActionMask = 2147483647;
			files = (
				8AEF34EB1B84B21200F667F9 /* ViewController.m in Sources */,
				8AEF34E81B84B21200F667F9 /* AppDelegate.m in Sources */,
				8AEF34E51B84B21200F667F9 /* main.m in Sources */,
			);
			runOnlyForDeploymentPostprocessing = 0;
		};
		8AEF34F41B84B21300F667F9 /* Sources */ = {
			isa = PBXSourcesBuildPhase;
			buildActionMask = 2147483647;
			files = (
				8AEF34FF1B84B21300F667F9 /* SampleProjectTests.m in Sources */,
			);
			runOnlyForDeploymentPostprocessing = 0;
		};
/* End PBXSourcesBuildPhase section */

/* Begin PBXTargetDependency section */
		8AEF34FA1B84B21300F667F9 /* PBXTargetDependency */ = {
			isa = PBXTargetDependency;
			target = 8AEF34DE1B84B21200F667F9 /* SampleProject */;
			targetProxy = 8AEF34F91B84B21300F667F9 /* PBXContainerItemProxy */;
		};
/* End PBXTargetDependency section */

/* Begin PBXVariantGroup section */
		8AEF34EC1B84B21300F667F9 /* Main.storyboard */ = {
			isa = PBXVariantGroup;
			children = (
				8AEF34ED1B84B21300F667F9 /* Base */,
			);
			name = Main.storyboard;
			sourceTree = "<group>";
		};
		8AEF34F11B84B21300F667F9 /* LaunchScreen.xib */ = {
			isa = PBXVariantGroup;
			children = (
				8AEF34F21B84B21300F667F9 /* Base */,
			);
			name = LaunchScreen.xib;
			sourceTree = "<group>";
		};
/* End PBXVariantGroup section */

/* Begin XCBuildConfiguration section */
		8AEF35001B84B21300F667F9 /* Debug */ = {
			isa = XCBuildConfiguration;
			buildSettings = {
				ALWAYS_SEARCH_USER_PATHS = NO;
				CLANG_CXX_LANGUAGE_STANDARD = "gnu++0x";
				CLANG_CXX_LIBRARY = "libc++";
				CLANG_ENABLE_MODULES = YES;
				CLANG_ENABLE_OBJC_ARC = YES;
				CLANG_WARN_BOOL_CONVERSION = YES;
				CLANG_WARN_CONSTANT_CONVERSION = YES;
				CLANG_WARN_DIRECT_OBJC_ISA_USAGE = YES_ERROR;
				CLANG_WARN_EMPTY_BODY = YES;
				CLANG_WARN_ENUM_CONVERSION = YES;
				CLANG_WARN_INT_CONVERSION = YES;
				CLANG_WARN_OBJC_ROOT_CLASS = YES_ERROR;
				CLANG_WARN_UNREACHABLE_CODE = YES;
				CLANG_WARN__DUPLICATE_METHOD_MATCH = YES;
				"CODE_SIGN_IDENTITY[sdk=iphoneos*]" = "iPhone Developer";
				COPY_PHASE_STRIP = NO;
				DEBUG_INFORMATION_FORMAT = "dwarf-with-dsym";
				ENABLE_STRICT_OBJC_MSGSEND = YES;
				GCC_C_LANGUAGE_STANDARD = gnu99;
				GCC_DYNAMIC_NO_PIC = NO;
				GCC_NO_COMMON_BLOCKS = YES;
				GCC_OPTIMIZATION_LEVEL = 0;
				GCC_PREPROCESSOR_DEFINITIONS = (
					"DEBUG=1",
					"$(inherited)",
				);
				GCC_SYMBOLS_PRIVATE_EXTERN = NO;
				GCC_WARN_64_TO_32_BIT_CONVERSION = YES;
				GCC_WARN_ABOUT_RETURN_TYPE = YES_ERROR;
				GCC_WARN_UNDECLARED_SELECTOR = YES;
				GCC_WARN_UNINITIALIZED_AUTOS = YES_AGGRESSIVE;
				GCC_WARN_UNUSED_FUNCTION = YES;
				GCC_WARN_UNUSED_VARIABLE = YES;
				IPHONEOS_DEPLOYMENT_TARGET = 8.3;
				MTL_ENABLE_DEBUG_INFO = YES;
				ONLY_ACTIVE_ARCH = YES;
				SDKROOT = iphoneos;
			};
			name = Debug;
		};
		8AEF35011B84B21300F667F9 /* Release */ = {
			isa = XCBuildConfiguration;
			buildSettings = {
				ALWAYS_SEARCH_USER_PATHS = NO;
				CLANG_CXX_LANGUAGE_STANDARD = "gnu++0x";
				CLANG_CXX_LIBRARY = "libc++";
				CLANG_ENABLE_MODULES = YES;
				CLANG_ENABLE_OBJC_ARC = YES;
				CLANG_WARN_BOOL_CONVERSION = YES;
				CLANG_WARN_CONSTANT_CONVERSION = YES;
				CLANG_WARN_DIRECT_OBJC_ISA_USAGE = YES_ERROR;
				CLANG_WARN_EMPTY_BODY = YES;
				CLANG_WARN_ENUM_CONVERSION = YES;
				CLANG_WARN_INT_CONVERSION = YES;
				CLANG_WARN_OBJC_ROOT_CLASS = YES_ERROR;
				CLANG_WARN_UNREACHABLE_CODE = YES;
				CLANG_WARN__DUPLICATE_METHOD_MATCH = YES;
				"CODE_SIGN_IDENTITY[sdk=iphoneos*]" = "iPhone Developer";
				COPY_PHASE_STRIP = NO;
				DEBUG_INFORMATION_FORMAT = "dwarf-with-dsym";
				ENABLE_NS_ASSERTIONS = NO;
				ENABLE_STRICT_OBJC_MSGSEND = YES;
				GCC_C_LANGUAGE_STANDARD = gnu99;
				GCC_NO_COMMON_BLOCKS = YES;
				GCC_WARN_64_TO_32_BIT_CONVERSION = YES;
				GCC_WARN_ABOUT_RETURN_TYPE = YES_ERROR;
				GCC_WARN_UNDECLARED_SELECTOR = YES;
				GCC_WARN_UNINITIALIZED_AUTOS = YES_AGGRESSIVE;
				GCC_WARN_UNUSED_FUNCTION = YES;
				GCC_WARN_UNUSED_VARIABLE = YES;
				IPHONEOS_DEPLOYMENT_TARGET = 8.3;
				MTL_ENABLE_DEBUG_INFO = NO;
				SDKROOT = iphoneos;
				VALIDATE_PRODUCT = YES;
			};
			name = Release;
		};
		8AEF35031B84B21300F667F9 /* Debug */ = {
			isa = XCBuildConfiguration;
			buildSettings = {
				ASSETCATALOG_COMPILER_APPICON_NAME = AppIcon;
				INFOPLIST_FILE = SampleProject/Info.plist;
				LD_RUNPATH_SEARCH_PATHS = "$(inherited) @executable_path/Frameworks";
				PRODUCT_NAME = "$(TARGET_NAME)";
			};
			name = Debug;
		};
		8AEF35041B84B21300F667F9 /* Release */ = {
			isa = XCBuildConfiguration;
			buildSettings = {
				ASSETCATALOG_COMPILER_APPICON_NAME = AppIcon;
				INFOPLIST_FILE = SampleProject/Info.plist;
				LD_RUNPATH_SEARCH_PATHS = "$(inherited) @executable_path/Frameworks";
				PRODUCT_NAME = "$(TARGET_NAME)";
			};
			name = Release;
		};
		8AEF35061B84B21300F667F9 /* Debug */ = {
			isa = XCBuildConfiguration;
			buildSettings = {
				BUNDLE_LOADER = "$(TEST_HOST)";
				FRAMEWORK_SEARCH_PATHS = (
					"$(SDKROOT)/Developer/Library/Frameworks",
					"$(inherited)",
				);
				GCC_PREPROCESSOR_DEFINITIONS = (
					"DEBUG=1",
					"$(inherited)",
				);
				INFOPLIST_FILE = SampleProjectTests/Info.plist;
				LD_RUNPATH_SEARCH_PATHS = "$(inherited) @executable_path/Frameworks @loader_path/Frameworks";
				PRODUCT_NAME = "$(TARGET_NAME)";
				TEST_HOST = "$(BUILT_PRODUCTS_DIR)/SampleProject.app/SampleProject";
			};
			name = Debug;
		};
		8AEF35071B84B21300F667F9 /* Release */ = {
			isa = XCBuildConfiguration;
			buildSettings = {
				BUNDLE_LOADER = "$(TEST_HOST)";
				FRAMEWORK_SEARCH_PATHS = (
					"$(SDKROOT)/Developer/Library/Frameworks",
					"$(inherited)",
				);
				INFOPLIST_FILE = SampleProjectTests/Info.plist;
				LD_RUNPATH_SEARCH_PATHS = "$(inherited) @executable_path/Frameworks @loader_path/Frameworks";
				PRODUCT_NAME = "$(TARGET_NAME)";
				TEST_HOST = "$(BUILT_PRODUCTS_DIR)/SampleProject.app/SampleProject";
			};
			name = Release;
		};
/* End XCBuildConfiguration section */

/* Begin XCConfigurationList section */
		8AEF34DA1B84B21200F667F9 /* Build configuration list for PBXProject "SampleProject" */ = {
			isa = XCConfigurationList;
			buildConfigurations = (
				8AEF35001B84B21300F667F9 /* Debug */,
				8AEF35011B84B21300F667F9 /* Release */,
			);
			defaultConfigurationIsVisible = 0;
			defaultConfigurationName = Release;
		};
		8AEF35021B84B21300F667F9 /* Build configuration list for PBXNativeTarget "SampleProject" */ = {
			isa = XCConfigurationList;
			buildConfigurations = (
				8AEF35031B84B21300F667F9 /* Debug */,
				8AEF35041B84B21300F667F9 /* Release */,
			);
			defaultConfigurationIsVisible = 0;
		};
		8AEF35051B84B21300F667F9 /* Build configuration list for PBXNativeTarget "SampleProjectTests" */ = {
			isa = XCConfigurationList;
			buildConfigurations = (
				8AEF35061B84B21300F667F9 /* Debug */,
				8AEF35071B84B21300F667F9 /* Release */,
			);
			defaultConfigurationIsVisible = 0;
		};
/* End XCConfigurationList section */
	};
	rootObject = 8AEF34D71B84B21200F667F9 /* Project object */;
}
